
Microsoft Visual Studio Solution File, Format Version 12.00
# Visual Studio 2013
VisualStudioVersion = 12.0.21005.1
MinimumVisualStudioVersion = 10.0.40219.1
Project("{FAE04EC0-301F-11D3-BF4B-00C04F79EFBC}") = "Combee", "Combee\Combee.csproj", "{CDD729AD-266F-4F25-A044-FE87D99140C3}"
EndProject
Project("{2150E333-8FDC-42A3-9474-1A3956D46DE8}") = "Solution Items", "Solution Items", "{83EBC03E-0B21-4DEF-9F88-D9A5656A2C7F}"
EndProject
Global
	GlobalSection(SolutionConfigurationPlatforms) = preSolution
		Debug|Any CPU = Debug|Any CPU
		Debug|ARM = Debug|ARM
		Debug|x86 = Debug|x86
		Release|Any CPU = Release|Any CPU
		Release|ARM = Release|ARM
		Release|x86 = Release|x86
	EndGlobalSection
	GlobalSection(ProjectConfigurationPlatforms) = postSolution
		{CDD729AD-266F-4F25-A044-FE87D99140C3}.Debug|Any CPU.ActiveCfg = Debug|Any CPU
		{CDD729AD-266F-4F25-A044-FE87D99140C3}.Debug|Any CPU.Build.0 = Debug|Any CPU
		{CDD729AD-266F-4F25-A044-FE87D99140C3}.Debug|Any CPU.Deploy.0 = Debug|Any CPU
		{CDD729AD-266F-4F25-A044-FE87D99140C3}.Debug|ARM.ActiveCfg = Debug|ARM
		{CDD729AD-266F-4F25-A044-FE87D99140C3}.Debug|ARM.Build.0 = Debug|ARM
		{CDD729AD-266F-4F25-A044-FE87D99140C3}.Debug|ARM.Deploy.0 = Debug|ARM
		{CDD729AD-266F-4F25-A044-FE87D99140C3}.Debug|x86.ActiveCfg = Debug|x86
		{CDD729AD-266F-4F25-A044-FE87D99140C3}.Debug|x86.Build.0 = Debug|x86
		{CDD729AD-266F-4F25-A044-FE87D99140C3}.Debug|x86.Deploy.0 = Debug|x86
		{CDD729AD-266F-4F25-A044-FE87D99140C3}.Release|Any CPU.ActiveCfg = Release|Any CPU
		{CDD729AD-266F-4F25-A044-FE87D99140C3}.Release|Any CPU.Build.0 = Release|Any CPU
		{CDD729AD-266F-4F25-A044-FE87D99140C3}.Release|Any CPU.Deploy.0 = Release|Any CPU
		{CDD729AD-266F-4F25-A044-FE87D99140C3}.Release|ARM.ActiveCfg = Release|ARM
		{CDD729AD-266F-4F25-A044-FE87D99140C3}.Release|ARM.Build.0 = Release|ARM
		{CDD729AD-266F-4F25-A044-FE87D99140C3}.Release|ARM.Deploy.0 = Release|ARM
		{CDD729AD-266F-4F25-A044-FE87D99140C3}.Release|x86.ActiveCfg = Release|x86
		{CDD729AD-266F-4F25-A044-FE87D99140C3}.Release|x86.Build.0 = Release|x86
		{CDD729AD-266F-4F25-A044-FE87D99140C3}.Release|x86.Deploy.0 = Release|x86
	EndGlobalSection
	GlobalSection(SolutionProperties) = preSolution
		HideSolutionNode = FALSE
	EndGlobalSection
EndGlobal
